// !$*UTF8*$!
{
	archiveVersion = 1;
	classes = {
	};
	objectVersion = 56;
	objects = {

/* Begin PBXBuildFile section */
		1D4897292AEAEFE800905B7D /* MultipleViewsApp.swift in Sources */ = {isa = PBXBuildFile; fileRef = 1D4897282AEAEFE800905B7D /* MultipleViewsApp.swift */; };
		1D48972B2AEAEFE800905B7D /* ContentView.swift in Sources */ = {isa = PBXBuildFile; fileRef = 1D48972A2AEAEFE800905B7D /* ContentView.swift */; };
		1D48972D2AEAEFE900905B7D /* Assets.xcassets in Resources */ = {isa = PBXBuildFile; fileRef = 1D48972C2AEAEFE900905B7D /* Assets.xcassets */; };
		1D4897302AEAEFE900905B7D /* Preview Assets.xcassets in Resources */ = {isa = PBXBuildFile; fileRef = 1D48972F2AEAEFE900905B7D /* Preview Assets.xcassets */; };
		1D48973A2AEAEFEA00905B7D /* MultipleViewsTests.swift in Sources */ = {isa = PBXBuildFile; fileRef = 1D4897392AEAEFEA00905B7D /* MultipleViewsTests.swift */; };
		1D4897442AEAEFEA00905B7D /* MultipleViewsUITests.swift in Sources */ = {isa = PBXBuildFile; fileRef = 1D4897432AEAEFEA00905B7D /* MultipleViewsUITests.swift */; };
		1D4897462AEAEFEA00905B7D /* MultipleViewsUITestsLaunchTests.swift in Sources */ = {isa = PBXBuildFile; fileRef = 1D4897452AEAEFEA00905B7D /* MultipleViewsUITestsLaunchTests.swift */; };
		1D4897532AEAF02400905B7D /* DataModel.swift in Sources */ = {isa = PBXBuildFile; fileRef = 1D4897522AEAF02400905B7D /* DataModel.swift */; };
		1D4897552AEAF75300905B7D /* DetailView.swift in Sources */ = {isa = PBXBuildFile; fileRef = 1D4897542AEAF75300905B7D /* DetailView.swift */; };
/* End PBXBuildFile section */

/* Begin PBXContainerItemProxy section */
		1D4897362AEAEFEA00905B7D /* PBXContainerItemProxy */ = {
			isa = PBXContainerItemProxy;
			containerPortal = 1D48971D2AEAEFE800905B7D /* Project object */;
			proxyType = 1;
			remoteGlobalIDString = 1D4897242AEAEFE800905B7D;
			remoteInfo = MultipleViews;
		};
		1D4897402AEAEFEA00905B7D /* PBXContainerItemProxy */ = {
			isa = PBXContainerItemProxy;
			containerPortal = 1D48971D2AEAEFE800905B7D /* Project object */;
			proxyType = 1;
			remoteGlobalIDString = 1D4897242AEAEFE800905B7D;
			remoteInfo = MultipleViews;
		};
/* End PBXContainerItemProxy section */

/* Begin PBXFileReference section */
		1D4897252AEAEFE800905B7D /* MultipleViews.app */ = {isa = PBXFileReference; explicitFileType = wrapper.application; includeInIndex = 0; path = MultipleViews.app; sourceTree = BUILT_PRODUCTS_DIR; };
		1D4897282AEAEFE800905B7D /* MultipleViewsApp.swift */ = {isa = PBXFileReference; lastKnownFileType = sourcecode.swift; path = MultipleViewsApp.swift; sourceTree = "<group>"; };
		1D48972A2AEAEFE800905B7D /* ContentView.swift */ = {isa = PBXFileReference; lastKnownFileType = sourcecode.swift; path = ContentView.swift; sourceTree = "<group>"; };
		1D48972C2AEAEFE900905B7D /* Assets.xcassets */ = {isa = PBXFileReference; lastKnownFileType = folder.assetcatalog; path = Assets.xcassets; sourceTree = "<group>"; };
		1D48972F2AEAEFE900905B7D /* Preview Assets.xcassets */ = {isa = PBXFileReference; lastKnownFileType = folder.assetcatalog; path = "Preview Assets.xcassets"; sourceTree = "<group>"; };
		1D4897352AEAEFEA00905B7D /* MultipleViewsTests.xctest */ = {isa = PBXFileReference; explicitFileType = wrapper.cfbundle; includeInIndex = 0; path = MultipleViewsTests.xctest; sourceTree = BUILT_PRODUCTS_DIR; };
		1D4897392AEAEFEA00905B7D /* MultipleViewsTests.swift */ = {isa = PBXFileReference; lastKnownFileType = sourcecode.swift; path = MultipleViewsTests.swift; sourceTree = "<group>"; };
		1D48973F2AEAEFEA00905B7D /* MultipleViewsUITests.xctest */ = {isa = PBXFileReference; explicitFileType = wrapper.cfbundle; includeInIndex = 0; path = MultipleViewsUITests.xctest; sourceTree = BUILT_PRODUCTS_DIR; };
		1D4897432AEAEFEA00905B7D /* MultipleViewsUITests.swift */ = {isa = PBXFileReference; lastKnownFileType = sourcecode.swift; path = MultipleViewsUITests.swift; sourceTree = "<group>"; };
		1D4897452AEAEFEA00905B7D /* MultipleViewsUITestsLaunchTests.swift */ = {isa = PBXFileReference; lastKnownFileType = sourcecode.swift; path = MultipleViewsUITestsLaunchTests.swift; sourceTree = "<group>"; };
		1D4897522AEAF02400905B7D /* DataModel.swift */ = {isa = PBXFileReference; lastKnownFileType = sourcecode.swift; path = DataModel.swift; sourceTree = "<group>"; };
		1D4897542AEAF75300905B7D /* DetailView.swift */ = {isa = PBXFileReference; lastKnownFileType = sourcecode.swift; path = DetailView.swift; sourceTree = "<group>"; };
/* End PBXFileReference section */

/* Begin PBXFrameworksBuildPhase section */
		1D4897222AEAEFE800905B7D /* Frameworks */ = {
			isa = PBXFrameworksBuildPhase;
			buildActionMask = 2147483647;
			files = (
			);
			runOnlyForDeploymentPostprocessing = 0;
		};
		1D4897322AEAEFEA00905B7D /* Frameworks */ = {
			isa = PBXFrameworksBuildPhase;
			buildActionMask = 2147483647;
			files = (
			);
			runOnlyForDeploymentPostprocessing = 0;
		};
		1D48973C2AEAEFEA00905B7D /* Frameworks */ = {
			isa = PBXFrameworksBuildPhase;
			buildActionMask = 2147483647;
			files = (
			);
			runOnlyForDeploymentPostprocessing = 0;
		};
/* End PBXFrameworksBuildPhase section */

/* Begin PBXGroup section */
		1D48971C2AEAEFE800905B7D = {
			isa = PBXGroup;
			children = (
				1D4897272AEAEFE800905B7D /* MultipleViews */,
				1D4897382AEAEFEA00905B7D /* MultipleViewsTests */,
				1D4897422AEAEFEA00905B7D /* MultipleViewsUITests */,
				1D4897262AEAEFE800905B7D /* Products */,
			);
			sourceTree = "<group>";
		};
		1D4897262AEAEFE800905B7D /* Products */ = {
			isa = PBXGroup;
			children = (
				1D4897252AEAEFE800905B7D /* MultipleViews.app */,
				1D4897352AEAEFEA00905B7D /* MultipleViewsTests.xctest */,
				1D48973F2AEAEFEA00905B7D /* MultipleViewsUITests.xctest */,
			);
			name = Products;
			sourceTree = "<group>";
		};
		1D4897272AEAEFE800905B7D /* MultipleViews */ = {
			isa = PBXGroup;
			children = (
				1D4897282AEAEFE800905B7D /* MultipleViewsApp.swift */,
				1D48972A2AEAEFE800905B7D /* ContentView.swift */,
				1D4897542AEAF75300905B7D /* DetailView.swift */,
				1D4897522AEAF02400905B7D /* DataModel.swift */,
				1D48972C2AEAEFE900905B7D /* Assets.xcassets */,
				1D48972E2AEAEFE900905B7D /* Preview Content */,
			);
			path = MultipleViews;
			sourceTree = "<group>";
		};
		1D48972E2AEAEFE900905B7D /* Preview Content */ = {
			isa = PBXGroup;
			children = (
				1D48972F2AEAEFE900905B7D /* Preview Assets.xcassets */,
			);
			path = "Preview Content";
			sourceTree = "<group>";
		};
		1D4897382AEAEFEA00905B7D /* MultipleViewsTests */ = {
			isa = PBXGroup;
			children = (
				1D4897392AEAEFEA00905B7D /* MultipleViewsTests.swift */,
			);
			path = MultipleViewsTests;
			sourceTree = "<group>";
		};
		1D4897422AEAEFEA00905B7D /* MultipleViewsUITests */ = {
			isa = PBXGroup;
			children = (
				1D4897432AEAEFEA00905B7D /* MultipleViewsUITests.swift */,
				1D4897452AEAEFEA00905B7D /* MultipleViewsUITestsLaunchTests.swift */,
			);
			path = MultipleViewsUITests;
			sourceTree = "<group>";
		};
/* End PBXGroup section */

/* Begin PBXNativeTarget section */
		1D4897242AEAEFE800905B7D /* MultipleViews */ = {
			isa = PBXNativeTarget;
			buildConfigurationList = 1D4897492AEAEFEA00905B7D /* Build configuration list for PBXNativeTarget "MultipleViews" */;
			buildPhases = (
				1D4897212AEAEFE800905B7D /* Sources */,
				1D4897222AEAEFE800905B7D /* Frameworks */,
				1D4897232AEAEFE800905B7D /* Resources */,
			);
			buildRules = (
			);
			dependencies = (
			);
			name = MultipleViews;
			productName = MultipleViews;
			productReference = 1D4897252AEAEFE800905B7D /* MultipleViews.app */;
			productType = "com.apple.product-type.application";
		};
		1D4897342AEAEFEA00905B7D /* MultipleViewsTests */ = {
			isa = PBXNativeTarget;
			buildConfigurationList = 1D48974C2AEAEFEA00905B7D /* Build configuration list for PBXNativeTarget "MultipleViewsTests" */;
			buildPhases = (
				1D4897312AEAEFEA00905B7D /* Sources */,
				1D4897322AEAEFEA00905B7D /* Frameworks */,
				1D4897332AEAEFEA00905B7D /* Resources */,
			);
			buildRules = (
			);
			dependencies = (
				1D4897372AEAEFEA00905B7D /* PBXTargetDependency */,
			);
			name = MultipleViewsTests;
			productName = MultipleViewsTests;
			productReference = 1D4897352AEAEFEA00905B7D /* MultipleViewsTests.xctest */;
			productType = "com.apple.product-type.bundle.unit-test";
		};
		1D48973E2AEAEFEA00905B7D /* MultipleViewsUITests */ = {
			isa = PBXNativeTarget;
			buildConfigurationList = 1D48974F2AEAEFEA00905B7D /* Build configuration list for PBXNativeTarget "MultipleViewsUITests" */;
			buildPhases = (
				1D48973B2AEAEFEA00905B7D /* Sources */,
				1D48973C2AEAEFEA00905B7D /* Frameworks */,
				1D48973D2AEAEFEA00905B7D /* Resources */,
			);
			buildRules = (
			);
			dependencies = (
				1D4897412AEAEFEA00905B7D /* PBXTargetDependency */,
			);
			name = MultipleViewsUITests;
			productName = MultipleViewsUITests;
			productReference = 1D48973F2AEAEFEA00905B7D /* MultipleViewsUITests.xctest */;
			productType = "com.apple.product-type.bundle.ui-testing";
		};
/* End PBXNativeTarget section */

/* Begin PBXProject section */
		1D48971D2AEAEFE800905B7D /* Project object */ = {
			isa = PBXProject;
			attributes = {
				BuildIndependentTargetsInParallel = 1;
				LastSwiftUpdateCheck = 1500;
				LastUpgradeCheck = 1500;
				TargetAttributes = {
					1D4897242AEAEFE800905B7D = {
						CreatedOnToolsVersion = 15.0.1;
					};
					1D4897342AEAEFEA00905B7D = {
						CreatedOnToolsVersion = 15.0.1;
						TestTargetID = 1D4897242AEAEFE800905B7D;
					};
					1D48973E2AEAEFEA00905B7D = {
						CreatedOnToolsVersion = 15.0.1;
						TestTargetID = 1D4897242AEAEFE800905B7D;
					};
				};
			};
			buildConfigurationList = 1D4897202AEAEFE800905B7D /* Build configuration list for PBXProject "MultipleViews" */;
			compatibilityVersion = "Xcode 14.0";
			developmentRegion = en;
			hasScannedForEncodings = 0;
			knownRegions = (
				en,
				Base,
			);
			mainGroup = 1D48971C2AEAEFE800905B7D;
			productRefGroup = 1D4897262AEAEFE800905B7D /* Products */;
			projectDirPath = "";
			projectRoot = "";
			targets = (
				1D4897242AEAEFE800905B7D /* MultipleViews */,
				1D4897342AEAEFEA00905B7D /* MultipleViewsTests */,
				1D48973E2AEAEFEA00905B7D /* MultipleViewsUITests */,
			);
		};
/* End PBXProject section */

/* Begin PBXResourcesBuildPhase section */
		1D4897232AEAEFE800905B7D /* Resources */ = {
			isa = PBXResourcesBuildPhase;
			buildActionMask = 2147483647;
			files = (
				1D4897302AEAEFE900905B7D /* Preview Assets.xcassets in Resources */,
				1D48972D2AEAEFE900905B7D /* Assets.xcassets in Resources */,
			);
			runOnlyForDeploymentPostprocessing = 0;
		};
		1D4897332AEAEFEA00905B7D /* Resources */ = {
			isa = PBXResourcesBuildPhase;
			buildActionMask = 2147483647;
			files = (
			);
			runOnlyForDeploymentPostprocessing = 0;
		};
		1D48973D2AEAEFEA00905B7D /* Resources */ = {
			isa = PBXResourcesBuildPhase;
			buildActionMask = 2147483647;
			files = (
			);
			runOnlyForDeploymentPostprocessing = 0;
		};
/* End PBXResourcesBuildPhase section */

/* Begin PBXSourcesBuildPhase section */
		1D4897212AEAEFE800905B7D /* Sources */ = {
			isa = PBXSourcesBuildPhase;
			buildActionMask = 2147483647;
			files = (
				1D48972B2AEAEFE800905B7D /* ContentView.swift in Sources */,
				1D4897552AEAF75300905B7D /* DetailView.swift in Sources */,
				1D4897292AEAEFE800905B7D /* MultipleViewsApp.swift in Sources */,
				1D4897532AEAF02400905B7D /* DataModel.swift in Sources */,
			);
			runOnlyForDeploymentPostprocessing = 0;
		};
		1D4897312AEAEFEA00905B7D /* Sources */ = {
			isa = PBXSourcesBuildPhase;
			buildActionMask = 2147483647;
			files = (
				1D48973A2AEAEFEA00905B7D /* MultipleViewsTests.swift in Sources */,
			);
			runOnlyForDeploymentPostprocessing = 0;
		};
		1D48973B2AEAEFEA00905B7D /* Sources */ = {
			isa = PBXSourcesBuildPhase;
			buildActionMask = 2147483647;
			files = (
				1D4897442AEAEFEA00905B7D /* MultipleViewsUITests.swift in Sources */,
				1D4897462AEAEFEA00905B7D /* MultipleViewsUITestsLaunchTests.swift in Sources */,
			);
			runOnlyForDeploymentPostprocessing = 0;
		};
/* End PBXSourcesBuildPhase section */

/* Begin PBXTargetDependency section */
		1D4897372AEAEFEA00905B7D /* PBXTargetDependency */ = {
			isa = PBXTargetDependency;
			target = 1D4897242AEAEFE800905B7D /* MultipleViews */;
			targetProxy = 1D4897362AEAEFEA00905B7D /* PBXContainerItemProxy */;
		};
		1D4897412AEAEFEA00905B7D /* PBXTargetDependency */ = {
			isa = PBXTargetDependency;
			target = 1D4897242AEAEFE800905B7D /* MultipleViews */;
			targetProxy = 1D4897402AEAEFEA00905B7D /* PBXContainerItemProxy */;
		};
/* End PBXTargetDependency section */

/* Begin XCBuildConfiguration section */
		1D4897472AEAEFEA00905B7D /* Debug */ = {
			isa = XCBuildConfiguration;
			buildSettings = {
				ALWAYS_SEARCH_USER_PATHS = NO;
				ASSETCATALOG_COMPILER_GENERATE_SWIFT_ASSET_SYMBOL_EXTENSIONS = YES;
				CLANG_ANALYZER_NONNULL = YES;
				CLANG_ANALYZER_NUMBER_OBJECT_CONVERSION = YES_AGGRESSIVE;
				CLANG_CXX_LANGUAGE_STANDARD = "gnu++20";
				CLANG_ENABLE_MODULES = YES;
				CLANG_ENABLE_OBJC_ARC = YES;
				CLANG_ENABLE_OBJC_WEAK = YES;
				CLANG_WARN_BLOCK_CAPTURE_AUTORELEASING = YES;
				CLANG_WARN_BOOL_CONVERSION = YES;
				CLANG_WARN_COMMA = YES;
				CLANG_WARN_CONSTANT_CONVERSION = YES;
				CLANG_WARN_DEPRECATED_OBJC_IMPLEMENTATIONS = YES;
				CLANG_WARN_DIRECT_OBJC_ISA_USAGE = YES_ERROR;
				CLANG_WARN_DOCUMENTATION_COMMENTS = YES;
				CLANG_WARN_EMPTY_BODY = YES;
				CLANG_WARN_ENUM_CONVERSION = YES;
				CLANG_WARN_INFINITE_RECURSION = YES;
				CLANG_WARN_INT_CONVERSION = YES;
				CLANG_WARN_NON_LITERAL_NULL_CONVERSION = YES;
				CLANG_WARN_OBJC_IMPLICIT_RETAIN_SELF = YES;
				CLANG_WARN_OBJC_LITERAL_CONVERSION = YES;
				CLANG_WARN_OBJC_ROOT_CLASS = YES_ERROR;
				CLANG_WARN_QUOTED_INCLUDE_IN_FRAMEWORK_HEADER = YES;
				CLANG_WARN_RANGE_LOOP_ANALYSIS = YES;
				CLANG_WARN_STRICT_PROTOTYPES = YES;
				CLANG_WARN_SUSPICIOUS_MOVE = YES;
				CLANG_WARN_UNGUARDED_AVAILABILITY = YES_AGGRESSIVE;
				CLANG_WARN_UNREACHABLE_CODE = YES;
				CLANG_WARN__DUPLICATE_METHOD_MATCH = YES;
				COPY_PHASE_STRIP = NO;
				DEBUG_INFORMATION_FORMAT = dwarf;
				ENABLE_STRICT_OBJC_MSGSEND = YES;
				ENABLE_TESTABILITY = YES;
				ENABLE_USER_SCRIPT_SANDBOXING = YES;
				GCC_C_LANGUAGE_STANDARD = gnu17;
				GCC_DYNAMIC_NO_PIC = NO;
				GCC_NO_COMMON_BLOCKS = YES;
				GCC_OPTIMIZATION_LEVEL = 0;
				GCC_PREPROCESSOR_DEFINITIONS = (
					"DEBUG=1",
					"$(inherited)",
				);
				GCC_WARN_64_TO_32_BIT_CONVERSION = YES;
				GCC_WARN_ABOUT_RETURN_TYPE = YES_ERROR;
				GCC_WARN_UNDECLARED_SELECTOR = YES;
				GCC_WARN_UNINITIALIZED_AUTOS = YES_AGGRESSIVE;
				GCC_WARN_UNUSED_FUNCTION = YES;
				GCC_WARN_UNUSED_VARIABLE = YES;
				IPHONEOS_DEPLOYMENT_TARGET = 17.0;
				LOCALIZATION_PREFERS_STRING_CATALOGS = YES;
				MTL_ENABLE_DEBUG_INFO = INCLUDE_SOURCE;
				MTL_FAST_MATH = YES;
				ONLY_ACTIVE_ARCH = YES;
				SDKROOT = iphoneos;
				SWIFT_ACTIVE_COMPILATION_CONDITIONS = "DEBUG $(inherited)";
				SWIFT_OPTIMIZATION_LEVEL = "-Onone";
			};
			name = Debug;
		};
		1D4897482AEAEFEA00905B7D /* Release */ = {
			isa = XCBuildConfiguration;
			buildSettings = {
				ALWAYS_SEARCH_USER_PATHS = NO;
				ASSETCATALOG_COMPILER_GENERATE_SWIFT_ASSET_SYMBOL_EXTENSIONS = YES;
				CLANG_ANALYZER_NONNULL = YES;
				CLANG_ANALYZER_NUMBER_OBJECT_CONVERSION = YES_AGGRESSIVE;
				CLANG_CXX_LANGUAGE_STANDARD = "gnu++20";
				CLANG_ENABLE_MODULES = YES;
				CLANG_ENABLE_OBJC_ARC = YES;
				CLANG_ENABLE_OBJC_WEAK = YES;
				CLANG_WARN_BLOCK_CAPTURE_AUTORELEASING = YES;
				CLANG_WARN_BOOL_CONVERSION = YES;
				CLANG_WARN_COMMA = YES;
				CLANG_WARN_CONSTANT_CONVERSION = YES;
				CLANG_WARN_DEPRECATED_OBJC_IMPLEMENTATIONS = YES;
				CLANG_WARN_DIRECT_OBJC_ISA_USAGE = YES_ERROR;
				CLANG_WARN_DOCUMENTATION_COMMENTS = YES;
				CLANG_WARN_EMPTY_BODY = YES;
				CLANG_WARN_ENUM_CONVERSION = YES;
				CLANG_WARN_INFINITE_RECURSION = YES;
				CLANG_WARN_INT_CONVERSION = YES;
				CLANG_WARN_NON_LITERAL_NULL_CONVERSION = YES;
				CLANG_WARN_OBJC_IMPLICIT_RETAIN_SELF = YES;
				CLANG_WARN_OBJC_LITERAL_CONVERSION = YES;
				CLANG_WARN_OBJC_ROOT_CLASS = YES_ERROR;
				CLANG_WARN_QUOTED_INCLUDE_IN_FRAMEWORK_HEADER = YES;
				CLANG_WARN_RANGE_LOOP_ANALYSIS = YES;
				CLANG_WARN_STRICT_PROTOTYPES = YES;
				CLANG_WARN_SUSPICIOUS_MOVE = YES;
				CLANG_WARN_UNGUARDED_AVAILABILITY = YES_AGGRESSIVE;
				CLANG_WARN_UNREACHABLE_CODE = YES;
				CLANG_WARN__DUPLICATE_METHOD_MATCH = YES;
				COPY_PHASE_STRIP = NO;
				DEBUG_INFORMATION_FORMAT = "dwarf-with-dsym";
				ENABLE_NS_ASSERTIONS = NO;
				ENABLE_STRICT_OBJC_MSGSEND = YES;
				ENABLE_USER_SCRIPT_SANDBOXING = YES;
				GCC_C_LANGUAGE_STANDARD = gnu17;
				GCC_NO_COMMON_BLOCKS = YES;
				GCC_WARN_64_TO_32_BIT_CONVERSION = YES;
				GCC_WARN_ABOUT_RETURN_TYPE = YES_ERROR;
				GCC_WARN_UNDECLARED_SELECTOR = YES;
				GCC_WARN_UNINITIALIZED_AUTOS = YES_AGGRESSIVE;
				GCC_WARN_UNUSED_FUNCTION = YES;
				GCC_WARN_UNUSED_VARIABLE = YES;
				IPHONEOS_DEPLOYMENT_TARGET = 17.0;
				LOCALIZATION_PREFERS_STRING_CATALOGS = YES;
				MTL_ENABLE_DEBUG_INFO = NO;
				MTL_FAST_MATH = YES;
				SDKROOT = iphoneos;
				SWIFT_COMPILATION_MODE = wholemodule;
				VALIDATE_PRODUCT = YES;
			};
			name = Release;
		};
		1D48974A2AEAEFEA00905B7D /* Debug */ = {
			isa = XCBuildConfiguration;
			buildSettings = {
				ASSETCATALOG_COMPILER_APPICON_NAME = AppIcon;
				ASSETCATALOG_COMPILER_GLOBAL_ACCENT_COLOR_NAME = AccentColor;
				CODE_SIGN_STYLE = Automatic;
				CURRENT_PROJECT_VERSION = 1;
				DEVELOPMENT_ASSET_PATHS = "\"MultipleViews/Preview Content\"";
				ENABLE_PREVIEWS = YES;
				GENERATE_INFOPLIST_FILE = YES;
				INFOPLIST_KEY_UIApplicationSceneManifest_Generation = YES;
				INFOPLIST_KEY_UIApplicationSupportsIndirectInputEvents = YES;
				INFOPLIST_KEY_UILaunchScreen_Generation = YES;
				INFOPLIST_KEY_UISupportedInterfaceOrientations_iPad = "UIInterfaceOrientationPortrait UIInterfaceOrientationPortraitUpsideDown UIInterfaceOrientationLandscapeLeft UIInterfaceOrientationLandscapeRight";
				INFOPLIST_KEY_UISupportedInterfaceOrientations_iPhone = "UIInterfaceOrientationPortrait UIInterfaceOrientationLandscapeLeft UIInterfaceOrientationLandscapeRight";
				LD_RUNPATH_SEARCH_PATHS = (
					"$(inherited)",
					"@executable_path/Frameworks",
				);
				MARKETING_VERSION = 1.0;
				PRODUCT_BUNDLE_IDENTIFIER = Do.MultipleViews;
				PRODUCT_NAME = "$(TARGET_NAME)";
				SWIFT_EMIT_LOC_STRINGS = YES;
				SWIFT_VERSION = 5.0;
				TARGETED_DEVICE_FAMILY = "1,2";
			};
			name = Debug;
		};
		1D48974B2AEAEFEA00905B7D /* Release */ = {
			isa = XCBuildConfiguration;
			buildSettings = {
				ASSETCATALOG_COMPILER_APPICON_NAME = AppIcon;
				ASSETCATALOG_COMPILER_GLOBAL_ACCENT_COLOR_NAME = AccentColor;
				CODE_SIGN_STYLE = Automatic;
				CURRENT_PROJECT_VERSION = 1;
				DEVELOPMENT_ASSET_PATHS = "\"MultipleViews/Preview Content\"";
				ENABLE_PREVIEWS = YES;
				GENERATE_INFOPLIST_FILE = YES;
				INFOPLIST_KEY_UIApplicationSceneManifest_Generation = YES;
				INFOPLIST_KEY_UIApplicationSupportsIndirectInputEvents = YES;
				INFOPLIST_KEY_UILaunchScreen_Generation = YES;
				INFOPLIST_KEY_UISupportedInterfaceOrientations_iPad = "UIInterfaceOrientationPortrait UIInterfaceOrientationPortraitUpsideDown UIInterfaceOrientationLandscapeLeft UIInterfaceOrientationLandscapeRight";
				INFOPLIST_KEY_UISupportedInterfaceOrientations_iPhone = "UIInterfaceOrientationPortrait UIInterfaceOrientationLandscapeLeft UIInterfaceOrientationLandscapeRight";
				LD_RUNPATH_SEARCH_PATHS = (
					"$(inherited)",
					"@executable_path/Frameworks",
				);
				MARKETING_VERSION = 1.0;
				PRODUCT_BUNDLE_IDENTIFIER = Do.MultipleViews;
				PRODUCT_NAME = "$(TARGET_NAME)";
				SWIFT_EMIT_LOC_STRINGS = YES;
				SWIFT_VERSION = 5.0;
				TARGETED_DEVICE_FAMILY = "1,2";
			};
			name = Release;
		};
		1D48974D2AEAEFEA00905B7D /* Debug */ = {
			isa = XCBuildConfiguration;
			buildSettings = {
				ALWAYS_EMBED_SWIFT_STANDARD_LIBRARIES = YES;
				BUNDLE_LOADER = "$(TEST_HOST)";
				CODE_SIGN_STYLE = Automatic;
				CURRENT_PROJECT_VERSION = 1;
				GENERATE_INFOPLIST_FILE = YES;
				IPHONEOS_DEPLOYMENT_TARGET = 17.0;
				MARKETING_VERSION = 1.0;
				PRODUCT_BUNDLE_IDENTIFIER = Do.MultipleViewsTests;
				PRODUCT_NAME = "$(TARGET_NAME)";
				SWIFT_EMIT_LOC_STRINGS = NO;
				SWIFT_VERSION = 5.0;
				TARGETED_DEVICE_FAMILY = "1,2";
				TEST_HOST = "$(BUILT_PRODUCTS_DIR)/MultipleViews.app/$(BUNDLE_EXECUTABLE_FOLDER_PATH)/MultipleViews";
			};
			name = Debug;
		};
		1D48974E2AEAEFEA00905B7D /* Release */ = {
			isa = XCBuildConfiguration;
			buildSettings = {
				ALWAYS_EMBED_SWIFT_STANDARD_LIBRARIES = YES;
				BUNDLE_LOADER = "$(TEST_HOST)";
				CODE_SIGN_STYLE = Automatic;
				CURRENT_PROJECT_VERSION = 1;
				GENERATE_INFOPLIST_FILE = YES;
				IPHONEOS_DEPLOYMENT_TARGET = 17.0;
				MARKETING_VERSION = 1.0;
				PRODUCT_BUNDLE_IDENTIFIER = Do.MultipleViewsTests;
				PRODUCT_NAME = "$(TARGET_NAME)";
				SWIFT_EMIT_LOC_STRINGS = NO;
				SWIFT_VERSION = 5.0;
				TARGETED_DEVICE_FAMILY = "1,2";
				TEST_HOST = "$(BUILT_PRODUCTS_DIR)/MultipleViews.app/$(BUNDLE_EXECUTABLE_FOLDER_PATH)/MultipleViews";
			};
			name = Release;
		};
		1D4897502AEAEFEA00905B7D /* Debug */ = {
			isa = XCBuildConfiguration;
			buildSettings = {
				ALWAYS_EMBED_SWIFT_STANDARD_LIBRARIES = YES;
				CODE_SIGN_STYLE = Automatic;
				CURRENT_PROJECT_VERSION = 1;
				GENERATE_INFOPLIST_FILE = YES;
				MARKETING_VERSION = 1.0;
				PRODUCT_BUNDLE_IDENTIFIER = Do.MultipleViewsUITests;
				PRODUCT_NAME = "$(TARGET_NAME)";
				SWIFT_EMIT_LOC_STRINGS = NO;
				SWIFT_VERSION = 5.0;
				TARGETED_DEVICE_FAMILY = "1,2";
				TEST_TARGET_NAME = MultipleViews;
			};
			name = Debug;
		};
		1D4897512AEAEFEA00905B7D /* Release */ = {
			isa = XCBuildConfiguration;
			buildSettings = {
				ALWAYS_EMBED_SWIFT_STANDARD_LIBRARIES = YES;
				CODE_SIGN_STYLE = Automatic;
				CURRENT_PROJECT_VERSION = 1;
				GENERATE_INFOPLIST_FILE = YES;
				MARKETING_VERSION = 1.0;
				PRODUCT_BUNDLE_IDENTIFIER = Do.MultipleViewsUITests;
				PRODUCT_NAME = "$(TARGET_NAME)";
				SWIFT_EMIT_LOC_STRINGS = NO;
				SWIFT_VERSION = 5.0;
				TARGETED_DEVICE_FAMILY = "1,2";
				TEST_TARGET_NAME = MultipleViews;
			};
			name = Release;
		};
/* End XCBuildConfiguration section */

/* Begin XCConfigurationList section */
		1D4897202AEAEFE800905B7D /* Build configuration list for PBXProject "MultipleViews" */ = {
			isa = XCConfigurationList;
			buildConfigurations = (
				1D4897472AEAEFEA00905B7D /* Debug */,
				1D4897482AEAEFEA00905B7D /* Release */,
			);
			defaultConfigurationIsVisible = 0;
			defaultConfigurationName = Release;
		};
		1D4897492AEAEFEA00905B7D /* Build configuration list for PBXNativeTarget "MultipleViews" */ = {
			isa = XCConfigurationList;
			buildConfigurations = (
				1D48974A2AEAEFEA00905B7D /* Debug */,
				1D48974B2AEAEFEA00905B7D /* Release */,
			);
			defaultConfigurationIsVisible = 0;
			defaultConfigurationName = Release;
		};
		1D48974C2AEAEFEA00905B7D /* Build configuration list for PBXNativeTarget "MultipleViewsTests" */ = {
			isa = XCConfigurationList;
			buildConfigurations = (
				1D48974D2AEAEFEA00905B7D /* Debug */,
				1D48974E2AEAEFEA00905B7D /* Release */,
			);
			defaultConfigurationIsVisible = 0;
			defaultConfigurationName = Release;
		};
		1D48974F2AEAEFEA00905B7D /* Build configuration list for PBXNativeTarget "MultipleViewsUITests" */ = {
			isa = XCConfigurationList;
			buildConfigurations = (
				1D4897502AEAEFEA00905B7D /* Debug */,
				1D4897512AEAEFEA00905B7D /* Release */,
			);
			defaultConfigurationIsVisible = 0;
			defaultConfigurationName = Release;
		};
/* End XCConfigurationList section */
	};
	rootObject = 1D48971D2AEAEFE800905B7D /* Project object */;
}
