// !$*UTF8*$!
{
	archiveVersion = 1;
	classes = {
	};
	objectVersion = 56;
	objects = {

/* Begin PBXBuildFile section */
		1D469D112AEA2B5C0095E0A2 /* SwiftBindingApp.swift in Sources */ = {isa = PBXBuildFile; fileRef = 1D469D102AEA2B5C0095E0A2 /* SwiftBindingApp.swift */; };
		1D469D132AEA2B5C0095E0A2 /* ContentView.swift in Sources */ = {isa = PBXBuildFile; fileRef = 1D469D122AEA2B5C0095E0A2 /* ContentView.swift */; };
		1D469D152AEA2B5D0095E0A2 /* Assets.xcassets in Resources */ = {isa = PBXBuildFile; fileRef = 1D469D142AEA2B5D0095E0A2 /* Assets.xcassets */; };
		1D469D182AEA2B5D0095E0A2 /* Preview Assets.xcassets in Resources */ = {isa = PBXBuildFile; fileRef = 1D469D172AEA2B5D0095E0A2 /* Preview Assets.xcassets */; };
		1D469D222AEA2B5D0095E0A2 /* SwiftBindingTests.swift in Sources */ = {isa = PBXBuildFile; fileRef = 1D469D212AEA2B5D0095E0A2 /* SwiftBindingTests.swift */; };
		1D469D2C2AEA2B5D0095E0A2 /* SwiftBindingUITests.swift in Sources */ = {isa = PBXBuildFile; fileRef = 1D469D2B2AEA2B5D0095E0A2 /* SwiftBindingUITests.swift */; };
		1D469D2E2AEA2B5D0095E0A2 /* SwiftBindingUITestsLaunchTests.swift in Sources */ = {isa = PBXBuildFile; fileRef = 1D469D2D2AEA2B5D0095E0A2 /* SwiftBindingUITestsLaunchTests.swift */; };
		1D469D3B2AEA2D1B0095E0A2 /* ColorSliderView.swift in Sources */ = {isa = PBXBuildFile; fileRef = 1D469D3A2AEA2D1B0095E0A2 /* ColorSliderView.swift */; };
/* End PBXBuildFile section */

/* Begin PBXContainerItemProxy section */
		1D469D1E2AEA2B5D0095E0A2 /* PBXContainerItemProxy */ = {
			isa = PBXContainerItemProxy;
			containerPortal = 1D469D052AEA2B5C0095E0A2 /* Project object */;
			proxyType = 1;
			remoteGlobalIDString = 1D469D0C2AEA2B5C0095E0A2;
			remoteInfo = SwiftBinding;
		};
		1D469D282AEA2B5D0095E0A2 /* PBXContainerItemProxy */ = {
			isa = PBXContainerItemProxy;
			containerPortal = 1D469D052AEA2B5C0095E0A2 /* Project object */;
			proxyType = 1;
			remoteGlobalIDString = 1D469D0C2AEA2B5C0095E0A2;
			remoteInfo = SwiftBinding;
		};
/* End PBXContainerItemProxy section */

/* Begin PBXFileReference section */
		1D469D0D2AEA2B5C0095E0A2 /* SwiftBinding.app */ = {isa = PBXFileReference; explicitFileType = wrapper.application; includeInIndex = 0; path = SwiftBinding.app; sourceTree = BUILT_PRODUCTS_DIR; };
		1D469D102AEA2B5C0095E0A2 /* SwiftBindingApp.swift */ = {isa = PBXFileReference; lastKnownFileType = sourcecode.swift; path = SwiftBindingApp.swift; sourceTree = "<group>"; };
		1D469D122AEA2B5C0095E0A2 /* ContentView.swift */ = {isa = PBXFileReference; lastKnownFileType = sourcecode.swift; path = ContentView.swift; sourceTree = "<group>"; };
		1D469D142AEA2B5D0095E0A2 /* Assets.xcassets */ = {isa = PBXFileReference; lastKnownFileType = folder.assetcatalog; path = Assets.xcassets; sourceTree = "<group>"; };
		1D469D172AEA2B5D0095E0A2 /* Preview Assets.xcassets */ = {isa = PBXFileReference; lastKnownFileType = folder.assetcatalog; path = "Preview Assets.xcassets"; sourceTree = "<group>"; };
		1D469D1D2AEA2B5D0095E0A2 /* SwiftBindingTests.xctest */ = {isa = PBXFileReference; explicitFileType = wrapper.cfbundle; includeInIndex = 0; path = SwiftBindingTests.xctest; sourceTree = BUILT_PRODUCTS_DIR; };
		1D469D212AEA2B5D0095E0A2 /* SwiftBindingTests.swift */ = {isa = PBXFileReference; lastKnownFileType = sourcecode.swift; path = SwiftBindingTests.swift; sourceTree = "<group>"; };
		1D469D272AEA2B5D0095E0A2 /* SwiftBindingUITests.xctest */ = {isa = PBXFileReference; explicitFileType = wrapper.cfbundle; includeInIndex = 0; path = SwiftBindingUITests.xctest; sourceTree = BUILT_PRODUCTS_DIR; };
		1D469D2B2AEA2B5D0095E0A2 /* SwiftBindingUITests.swift */ = {isa = PBXFileReference; lastKnownFileType = sourcecode.swift; path = SwiftBindingUITests.swift; sourceTree = "<group>"; };
		1D469D2D2AEA2B5D0095E0A2 /* SwiftBindingUITestsLaunchTests.swift */ = {isa = PBXFileReference; lastKnownFileType = sourcecode.swift; path = SwiftBindingUITestsLaunchTests.swift; sourceTree = "<group>"; };
		1D469D3A2AEA2D1B0095E0A2 /* ColorSliderView.swift */ = {isa = PBXFileReference; lastKnownFileType = sourcecode.swift; path = ColorSliderView.swift; sourceTree = "<group>"; };
/* End PBXFileReference section */

/* Begin PBXFrameworksBuildPhase section */
		1D469D0A2AEA2B5C0095E0A2 /* Frameworks */ = {
			isa = PBXFrameworksBuildPhase;
			buildActionMask = 2147483647;
			files = (
			);
			runOnlyForDeploymentPostprocessing = 0;
		};
		1D469D1A2AEA2B5D0095E0A2 /* Frameworks */ = {
			isa = PBXFrameworksBuildPhase;
			buildActionMask = 2147483647;
			files = (
			);
			runOnlyForDeploymentPostprocessing = 0;
		};
		1D469D242AEA2B5D0095E0A2 /* Frameworks */ = {
			isa = PBXFrameworksBuildPhase;
			buildActionMask = 2147483647;
			files = (
			);
			runOnlyForDeploymentPostprocessing = 0;
		};
/* End PBXFrameworksBuildPhase section */

/* Begin PBXGroup section */
		1D469D042AEA2B5C0095E0A2 = {
			isa = PBXGroup;
			children = (
				1D469D0F2AEA2B5C0095E0A2 /* SwiftBinding */,
				1D469D202AEA2B5D0095E0A2 /* SwiftBindingTests */,
				1D469D2A2AEA2B5D0095E0A2 /* SwiftBindingUITests */,
				1D469D0E2AEA2B5C0095E0A2 /* Products */,
			);
			sourceTree = "<group>";
		};
		1D469D0E2AEA2B5C0095E0A2 /* Products */ = {
			isa = PBXGroup;
			children = (
				1D469D0D2AEA2B5C0095E0A2 /* SwiftBinding.app */,
				1D469D1D2AEA2B5D0095E0A2 /* SwiftBindingTests.xctest */,
				1D469D272AEA2B5D0095E0A2 /* SwiftBindingUITests.xctest */,
			);
			name = Products;
			sourceTree = "<group>";
		};
		1D469D0F2AEA2B5C0095E0A2 /* SwiftBinding */ = {
			isa = PBXGroup;
			children = (
				1D469D102AEA2B5C0095E0A2 /* SwiftBindingApp.swift */,
				1D469D122AEA2B5C0095E0A2 /* ContentView.swift */,
				1D469D3A2AEA2D1B0095E0A2 /* ColorSliderView.swift */,
				1D469D142AEA2B5D0095E0A2 /* Assets.xcassets */,
				1D469D162AEA2B5D0095E0A2 /* Preview Content */,
			);
			path = SwiftBinding;
			sourceTree = "<group>";
		};
		1D469D162AEA2B5D0095E0A2 /* Preview Content */ = {
			isa = PBXGroup;
			children = (
				1D469D172AEA2B5D0095E0A2 /* Preview Assets.xcassets */,
			);
			path = "Preview Content";
			sourceTree = "<group>";
		};
		1D469D202AEA2B5D0095E0A2 /* SwiftBindingTests */ = {
			isa = PBXGroup;
			children = (
				1D469D212AEA2B5D0095E0A2 /* SwiftBindingTests.swift */,
			);
			path = SwiftBindingTests;
			sourceTree = "<group>";
		};
		1D469D2A2AEA2B5D0095E0A2 /* SwiftBindingUITests */ = {
			isa = PBXGroup;
			children = (
				1D469D2B2AEA2B5D0095E0A2 /* SwiftBindingUITests.swift */,
				1D469D2D2AEA2B5D0095E0A2 /* SwiftBindingUITestsLaunchTests.swift */,
			);
			path = SwiftBindingUITests;
			sourceTree = "<group>";
		};
/* End PBXGroup section */

/* Begin PBXNativeTarget section */
		1D469D0C2AEA2B5C0095E0A2 /* SwiftBinding */ = {
			isa = PBXNativeTarget;
			buildConfigurationList = 1D469D312AEA2B5D0095E0A2 /* Build configuration list for PBXNativeTarget "SwiftBinding" */;
			buildPhases = (
				1D469D092AEA2B5C0095E0A2 /* Sources */,
				1D469D0A2AEA2B5C0095E0A2 /* Frameworks */,
				1D469D0B2AEA2B5C0095E0A2 /* Resources */,
			);
			buildRules = (
			);
			dependencies = (
			);
			name = SwiftBinding;
			productName = SwiftBinding;
			productReference = 1D469D0D2AEA2B5C0095E0A2 /* SwiftBinding.app */;
			productType = "com.apple.product-type.application";
		};
		1D469D1C2AEA2B5D0095E0A2 /* SwiftBindingTests */ = {
			isa = PBXNativeTarget;
			buildConfigurationList = 1D469D342AEA2B5D0095E0A2 /* Build configuration list for PBXNativeTarget "SwiftBindingTests" */;
			buildPhases = (
				1D469D192AEA2B5D0095E0A2 /* Sources */,
				1D469D1A2AEA2B5D0095E0A2 /* Frameworks */,
				1D469D1B2AEA2B5D0095E0A2 /* Resources */,
			);
			buildRules = (
			);
			dependencies = (
				1D469D1F2AEA2B5D0095E0A2 /* PBXTargetDependency */,
			);
			name = SwiftBindingTests;
			productName = SwiftBindingTests;
			productReference = 1D469D1D2AEA2B5D0095E0A2 /* SwiftBindingTests.xctest */;
			productType = "com.apple.product-type.bundle.unit-test";
		};
		1D469D262AEA2B5D0095E0A2 /* SwiftBindingUITests */ = {
			isa = PBXNativeTarget;
			buildConfigurationList = 1D469D372AEA2B5D0095E0A2 /* Build configuration list for PBXNativeTarget "SwiftBindingUITests" */;
			buildPhases = (
				1D469D232AEA2B5D0095E0A2 /* Sources */,
				1D469D242AEA2B5D0095E0A2 /* Frameworks */,
				1D469D252AEA2B5D0095E0A2 /* Resources */,
			);
			buildRules = (
			);
			dependencies = (
				1D469D292AEA2B5D0095E0A2 /* PBXTargetDependency */,
			);
			name = SwiftBindingUITests;
			productName = SwiftBindingUITests;
			productReference = 1D469D272AEA2B5D0095E0A2 /* SwiftBindingUITests.xctest */;
			productType = "com.apple.product-type.bundle.ui-testing";
		};
/* End PBXNativeTarget section */

/* Begin PBXProject section */
		1D469D052AEA2B5C0095E0A2 /* Project object */ = {
			isa = PBXProject;
			attributes = {
				BuildIndependentTargetsInParallel = 1;
				LastSwiftUpdateCheck = 1500;
				LastUpgradeCheck = 1500;
				TargetAttributes = {
					1D469D0C2AEA2B5C0095E0A2 = {
						CreatedOnToolsVersion = 15.0.1;
					};
					1D469D1C2AEA2B5D0095E0A2 = {
						CreatedOnToolsVersion = 15.0.1;
						TestTargetID = 1D469D0C2AEA2B5C0095E0A2;
					};
					1D469D262AEA2B5D0095E0A2 = {
						CreatedOnToolsVersion = 15.0.1;
						TestTargetID = 1D469D0C2AEA2B5C0095E0A2;
					};
				};
			};
			buildConfigurationList = 1D469D082AEA2B5C0095E0A2 /* Build configuration list for PBXProject "SwiftBinding" */;
			compatibilityVersion = "Xcode 14.0";
			developmentRegion = en;
			hasScannedForEncodings = 0;
			knownRegions = (
				en,
				Base,
			);
			mainGroup = 1D469D042AEA2B5C0095E0A2;
			productRefGroup = 1D469D0E2AEA2B5C0095E0A2 /* Products */;
			projectDirPath = "";
			projectRoot = "";
			targets = (
				1D469D0C2AEA2B5C0095E0A2 /* SwiftBinding */,
				1D469D1C2AEA2B5D0095E0A2 /* SwiftBindingTests */,
				1D469D262AEA2B5D0095E0A2 /* SwiftBindingUITests */,
			);
		};
/* End PBXProject section */

/* Begin PBXResourcesBuildPhase section */
		1D469D0B2AEA2B5C0095E0A2 /* Resources */ = {
			isa = PBXResourcesBuildPhase;
			buildActionMask = 2147483647;
			files = (
				1D469D182AEA2B5D0095E0A2 /* Preview Assets.xcassets in Resources */,
				1D469D152AEA2B5D0095E0A2 /* Assets.xcassets in Resources */,
			);
			runOnlyForDeploymentPostprocessing = 0;
		};
		1D469D1B2AEA2B5D0095E0A2 /* Resources */ = {
			isa = PBXResourcesBuildPhase;
			buildActionMask = 2147483647;
			files = (
			);
			runOnlyForDeploymentPostprocessing = 0;
		};
		1D469D252AEA2B5D0095E0A2 /* Resources */ = {
			isa = PBXResourcesBuildPhase;
			buildActionMask = 2147483647;
			files = (
			);
			runOnlyForDeploymentPostprocessing = 0;
		};
/* End PBXResourcesBuildPhase section */

/* Begin PBXSourcesBuildPhase section */
		1D469D092AEA2B5C0095E0A2 /* Sources */ = {
			isa = PBXSourcesBuildPhase;
			buildActionMask = 2147483647;
			files = (
				1D469D132AEA2B5C0095E0A2 /* ContentView.swift in Sources */,
				1D469D112AEA2B5C0095E0A2 /* SwiftBindingApp.swift in Sources */,
				1D469D3B2AEA2D1B0095E0A2 /* ColorSliderView.swift in Sources */,
			);
			runOnlyForDeploymentPostprocessing = 0;
		};
		1D469D192AEA2B5D0095E0A2 /* Sources */ = {
			isa = PBXSourcesBuildPhase;
			buildActionMask = 2147483647;
			files = (
				1D469D222AEA2B5D0095E0A2 /* SwiftBindingTests.swift in Sources */,
			);
			runOnlyForDeploymentPostprocessing = 0;
		};
		1D469D232AEA2B5D0095E0A2 /* Sources */ = {
			isa = PBXSourcesBuildPhase;
			buildActionMask = 2147483647;
			files = (
				1D469D2E2AEA2B5D0095E0A2 /* SwiftBindingUITestsLaunchTests.swift in Sources */,
				1D469D2C2AEA2B5D0095E0A2 /* SwiftBindingUITests.swift in Sources */,
			);
			runOnlyForDeploymentPostprocessing = 0;
		};
/* End PBXSourcesBuildPhase section */

/* Begin PBXTargetDependency section */
		1D469D1F2AEA2B5D0095E0A2 /* PBXTargetDependency */ = {
			isa = PBXTargetDependency;
			target = 1D469D0C2AEA2B5C0095E0A2 /* SwiftBinding */;
			targetProxy = 1D469D1E2AEA2B5D0095E0A2 /* PBXContainerItemProxy */;
		};
		1D469D292AEA2B5D0095E0A2 /* PBXTargetDependency */ = {
			isa = PBXTargetDependency;
			target = 1D469D0C2AEA2B5C0095E0A2 /* SwiftBinding */;
			targetProxy = 1D469D282AEA2B5D0095E0A2 /* PBXContainerItemProxy */;
		};
/* End PBXTargetDependency section */

/* Begin XCBuildConfiguration section */
		1D469D2F2AEA2B5D0095E0A2 /* Debug */ = {
			isa = XCBuildConfiguration;
			buildSettings = {
				ALWAYS_SEARCH_USER_PATHS = NO;
				ASSETCATALOG_COMPILER_GENERATE_SWIFT_ASSET_SYMBOL_EXTENSIONS = YES;
				CLANG_ANALYZER_NONNULL = YES;
				CLANG_ANALYZER_NUMBER_OBJECT_CONVERSION = YES_AGGRESSIVE;
				CLANG_CXX_LANGUAGE_STANDARD = "gnu++20";
				CLANG_ENABLE_MODULES = YES;
				CLANG_ENABLE_OBJC_ARC = YES;
				CLANG_ENABLE_OBJC_WEAK = YES;
				CLANG_WARN_BLOCK_CAPTURE_AUTORELEASING = YES;
				CLANG_WARN_BOOL_CONVERSION = YES;
				CLANG_WARN_COMMA = YES;
				CLANG_WARN_CONSTANT_CONVERSION = YES;
				CLANG_WARN_DEPRECATED_OBJC_IMPLEMENTATIONS = YES;
				CLANG_WARN_DIRECT_OBJC_ISA_USAGE = YES_ERROR;
				CLANG_WARN_DOCUMENTATION_COMMENTS = YES;
				CLANG_WARN_EMPTY_BODY = YES;
				CLANG_WARN_ENUM_CONVERSION = YES;
				CLANG_WARN_INFINITE_RECURSION = YES;
				CLANG_WARN_INT_CONVERSION = YES;
				CLANG_WARN_NON_LITERAL_NULL_CONVERSION = YES;
				CLANG_WARN_OBJC_IMPLICIT_RETAIN_SELF = YES;
				CLANG_WARN_OBJC_LITERAL_CONVERSION = YES;
				CLANG_WARN_OBJC_ROOT_CLASS = YES_ERROR;
				CLANG_WARN_QUOTED_INCLUDE_IN_FRAMEWORK_HEADER = YES;
				CLANG_WARN_RANGE_LOOP_ANALYSIS = YES;
				CLANG_WARN_STRICT_PROTOTYPES = YES;
				CLANG_WARN_SUSPICIOUS_MOVE = YES;
				CLANG_WARN_UNGUARDED_AVAILABILITY = YES_AGGRESSIVE;
				CLANG_WARN_UNREACHABLE_CODE = YES;
				CLANG_WARN__DUPLICATE_METHOD_MATCH = YES;
				COPY_PHASE_STRIP = NO;
				DEBUG_INFORMATION_FORMAT = dwarf;
				ENABLE_STRICT_OBJC_MSGSEND = YES;
				ENABLE_TESTABILITY = YES;
				ENABLE_USER_SCRIPT_SANDBOXING = YES;
				GCC_C_LANGUAGE_STANDARD = gnu17;
				GCC_DYNAMIC_NO_PIC = NO;
				GCC_NO_COMMON_BLOCKS = YES;
				GCC_OPTIMIZATION_LEVEL = 0;
				GCC_PREPROCESSOR_DEFINITIONS = (
					"DEBUG=1",
					"$(inherited)",
				);
				GCC_WARN_64_TO_32_BIT_CONVERSION = YES;
				GCC_WARN_ABOUT_RETURN_TYPE = YES_ERROR;
				GCC_WARN_UNDECLARED_SELECTOR = YES;
				GCC_WARN_UNINITIALIZED_AUTOS = YES_AGGRESSIVE;
				GCC_WARN_UNUSED_FUNCTION = YES;
				GCC_WARN_UNUSED_VARIABLE = YES;
				IPHONEOS_DEPLOYMENT_TARGET = 17.0;
				LOCALIZATION_PREFERS_STRING_CATALOGS = YES;
				MTL_ENABLE_DEBUG_INFO = INCLUDE_SOURCE;
				MTL_FAST_MATH = YES;
				ONLY_ACTIVE_ARCH = YES;
				SDKROOT = iphoneos;
				SWIFT_ACTIVE_COMPILATION_CONDITIONS = "DEBUG $(inherited)";
				SWIFT_OPTIMIZATION_LEVEL = "-Onone";
			};
			name = Debug;
		};
		1D469D302AEA2B5D0095E0A2 /* Release */ = {
			isa = XCBuildConfiguration;
			buildSettings = {
				ALWAYS_SEARCH_USER_PATHS = NO;
				ASSETCATALOG_COMPILER_GENERATE_SWIFT_ASSET_SYMBOL_EXTENSIONS = YES;
				CLANG_ANALYZER_NONNULL = YES;
				CLANG_ANALYZER_NUMBER_OBJECT_CONVERSION = YES_AGGRESSIVE;
				CLANG_CXX_LANGUAGE_STANDARD = "gnu++20";
				CLANG_ENABLE_MODULES = YES;
				CLANG_ENABLE_OBJC_ARC = YES;
				CLANG_ENABLE_OBJC_WEAK = YES;
				CLANG_WARN_BLOCK_CAPTURE_AUTORELEASING = YES;
				CLANG_WARN_BOOL_CONVERSION = YES;
				CLANG_WARN_COMMA = YES;
				CLANG_WARN_CONSTANT_CONVERSION = YES;
				CLANG_WARN_DEPRECATED_OBJC_IMPLEMENTATIONS = YES;
				CLANG_WARN_DIRECT_OBJC_ISA_USAGE = YES_ERROR;
				CLANG_WARN_DOCUMENTATION_COMMENTS = YES;
				CLANG_WARN_EMPTY_BODY = YES;
				CLANG_WARN_ENUM_CONVERSION = YES;
				CLANG_WARN_INFINITE_RECURSION = YES;
				CLANG_WARN_INT_CONVERSION = YES;
				CLANG_WARN_NON_LITERAL_NULL_CONVERSION = YES;
				CLANG_WARN_OBJC_IMPLICIT_RETAIN_SELF = YES;
				CLANG_WARN_OBJC_LITERAL_CONVERSION = YES;
				CLANG_WARN_OBJC_ROOT_CLASS = YES_ERROR;
				CLANG_WARN_QUOTED_INCLUDE_IN_FRAMEWORK_HEADER = YES;
				CLANG_WARN_RANGE_LOOP_ANALYSIS = YES;
				CLANG_WARN_STRICT_PROTOTYPES = YES;
				CLANG_WARN_SUSPICIOUS_MOVE = YES;
				CLANG_WARN_UNGUARDED_AVAILABILITY = YES_AGGRESSIVE;
				CLANG_WARN_UNREACHABLE_CODE = YES;
				CLANG_WARN__DUPLICATE_METHOD_MATCH = YES;
				COPY_PHASE_STRIP = NO;
				DEBUG_INFORMATION_FORMAT = "dwarf-with-dsym";
				ENABLE_NS_ASSERTIONS = NO;
				ENABLE_STRICT_OBJC_MSGSEND = YES;
				ENABLE_USER_SCRIPT_SANDBOXING = YES;
				GCC_C_LANGUAGE_STANDARD = gnu17;
				GCC_NO_COMMON_BLOCKS = YES;
				GCC_WARN_64_TO_32_BIT_CONVERSION = YES;
				GCC_WARN_ABOUT_RETURN_TYPE = YES_ERROR;
				GCC_WARN_UNDECLARED_SELECTOR = YES;
				GCC_WARN_UNINITIALIZED_AUTOS = YES_AGGRESSIVE;
				GCC_WARN_UNUSED_FUNCTION = YES;
				GCC_WARN_UNUSED_VARIABLE = YES;
				IPHONEOS_DEPLOYMENT_TARGET = 17.0;
				LOCALIZATION_PREFERS_STRING_CATALOGS = YES;
				MTL_ENABLE_DEBUG_INFO = NO;
				MTL_FAST_MATH = YES;
				SDKROOT = iphoneos;
				SWIFT_COMPILATION_MODE = wholemodule;
				VALIDATE_PRODUCT = YES;
			};
			name = Release;
		};
		1D469D322AEA2B5D0095E0A2 /* Debug */ = {
			isa = XCBuildConfiguration;
			buildSettings = {
				ASSETCATALOG_COMPILER_APPICON_NAME = AppIcon;
				ASSETCATALOG_COMPILER_GLOBAL_ACCENT_COLOR_NAME = AccentColor;
				CODE_SIGN_STYLE = Automatic;
				CURRENT_PROJECT_VERSION = 1;
				DEVELOPMENT_ASSET_PATHS = "\"SwiftBinding/Preview Content\"";
				ENABLE_PREVIEWS = YES;
				GENERATE_INFOPLIST_FILE = YES;
				INFOPLIST_KEY_UIApplicationSceneManifest_Generation = YES;
				INFOPLIST_KEY_UIApplicationSupportsIndirectInputEvents = YES;
				INFOPLIST_KEY_UILaunchScreen_Generation = YES;
				INFOPLIST_KEY_UISupportedInterfaceOrientations_iPad = "UIInterfaceOrientationPortrait UIInterfaceOrientationPortraitUpsideDown UIInterfaceOrientationLandscapeLeft UIInterfaceOrientationLandscapeRight";
				INFOPLIST_KEY_UISupportedInterfaceOrientations_iPhone = "UIInterfaceOrientationPortrait UIInterfaceOrientationLandscapeLeft UIInterfaceOrientationLandscapeRight";
				LD_RUNPATH_SEARCH_PATHS = (
					"$(inherited)",
					"@executable_path/Frameworks",
				);
				MARKETING_VERSION = 1.0;
				PRODUCT_BUNDLE_IDENTIFIER = Do.SwiftBinding;
				PRODUCT_NAME = "$(TARGET_NAME)";
				SWIFT_EMIT_LOC_STRINGS = YES;
				SWIFT_VERSION = 5.0;
				TARGETED_DEVICE_FAMILY = "1,2";
			};
			name = Debug;
		};
		1D469D332AEA2B5D0095E0A2 /* Release */ = {
			isa = XCBuildConfiguration;
			buildSettings = {
				ASSETCATALOG_COMPILER_APPICON_NAME = AppIcon;
				ASSETCATALOG_COMPILER_GLOBAL_ACCENT_COLOR_NAME = AccentColor;
				CODE_SIGN_STYLE = Automatic;
				CURRENT_PROJECT_VERSION = 1;
				DEVELOPMENT_ASSET_PATHS = "\"SwiftBinding/Preview Content\"";
				ENABLE_PREVIEWS = YES;
				GENERATE_INFOPLIST_FILE = YES;
				INFOPLIST_KEY_UIApplicationSceneManifest_Generation = YES;
				INFOPLIST_KEY_UIApplicationSupportsIndirectInputEvents = YES;
				INFOPLIST_KEY_UILaunchScreen_Generation = YES;
				INFOPLIST_KEY_UISupportedInterfaceOrientations_iPad = "UIInterfaceOrientationPortrait UIInterfaceOrientationPortraitUpsideDown UIInterfaceOrientationLandscapeLeft UIInterfaceOrientationLandscapeRight";
				INFOPLIST_KEY_UISupportedInterfaceOrientations_iPhone = "UIInterfaceOrientationPortrait UIInterfaceOrientationLandscapeLeft UIInterfaceOrientationLandscapeRight";
				LD_RUNPATH_SEARCH_PATHS = (
					"$(inherited)",
					"@executable_path/Frameworks",
				);
				MARKETING_VERSION = 1.0;
				PRODUCT_BUNDLE_IDENTIFIER = Do.SwiftBinding;
				PRODUCT_NAME = "$(TARGET_NAME)";
				SWIFT_EMIT_LOC_STRINGS = YES;
				SWIFT_VERSION = 5.0;
				TARGETED_DEVICE_FAMILY = "1,2";
			};
			name = Release;
		};
		1D469D352AEA2B5D0095E0A2 /* Debug */ = {
			isa = XCBuildConfiguration;
			buildSettings = {
				ALWAYS_EMBED_SWIFT_STANDARD_LIBRARIES = YES;
				BUNDLE_LOADER = "$(TEST_HOST)";
				CODE_SIGN_STYLE = Automatic;
				CURRENT_PROJECT_VERSION = 1;
				GENERATE_INFOPLIST_FILE = YES;
				IPHONEOS_DEPLOYMENT_TARGET = 17.0;
				MARKETING_VERSION = 1.0;
				PRODUCT_BUNDLE_IDENTIFIER = Do.SwiftBindingTests;
				PRODUCT_NAME = "$(TARGET_NAME)";
				SWIFT_EMIT_LOC_STRINGS = NO;
				SWIFT_VERSION = 5.0;
				TARGETED_DEVICE_FAMILY = "1,2";
				TEST_HOST = "$(BUILT_PRODUCTS_DIR)/SwiftBinding.app/$(BUNDLE_EXECUTABLE_FOLDER_PATH)/SwiftBinding";
			};
			name = Debug;
		};
		1D469D362AEA2B5D0095E0A2 /* Release */ = {
			isa = XCBuildConfiguration;
			buildSettings = {
				ALWAYS_EMBED_SWIFT_STANDARD_LIBRARIES = YES;
				BUNDLE_LOADER = "$(TEST_HOST)";
				CODE_SIGN_STYLE = Automatic;
				CURRENT_PROJECT_VERSION = 1;
				GENERATE_INFOPLIST_FILE = YES;
				IPHONEOS_DEPLOYMENT_TARGET = 17.0;
				MARKETING_VERSION = 1.0;
				PRODUCT_BUNDLE_IDENTIFIER = Do.SwiftBindingTests;
				PRODUCT_NAME = "$(TARGET_NAME)";
				SWIFT_EMIT_LOC_STRINGS = NO;
				SWIFT_VERSION = 5.0;
				TARGETED_DEVICE_FAMILY = "1,2";
				TEST_HOST = "$(BUILT_PRODUCTS_DIR)/SwiftBinding.app/$(BUNDLE_EXECUTABLE_FOLDER_PATH)/SwiftBinding";
			};
			name = Release;
		};
		1D469D382AEA2B5D0095E0A2 /* Debug */ = {
			isa = XCBuildConfiguration;
			buildSettings = {
				ALWAYS_EMBED_SWIFT_STANDARD_LIBRARIES = YES;
				CODE_SIGN_STYLE = Automatic;
				CURRENT_PROJECT_VERSION = 1;
				GENERATE_INFOPLIST_FILE = YES;
				MARKETING_VERSION = 1.0;
				PRODUCT_BUNDLE_IDENTIFIER = Do.SwiftBindingUITests;
				PRODUCT_NAME = "$(TARGET_NAME)";
				SWIFT_EMIT_LOC_STRINGS = NO;
				SWIFT_VERSION = 5.0;
				TARGETED_DEVICE_FAMILY = "1,2";
				TEST_TARGET_NAME = SwiftBinding;
			};
			name = Debug;
		};
		1D469D392AEA2B5D0095E0A2 /* Release */ = {
			isa = XCBuildConfiguration;
			buildSettings = {
				ALWAYS_EMBED_SWIFT_STANDARD_LIBRARIES = YES;
				CODE_SIGN_STYLE = Automatic;
				CURRENT_PROJECT_VERSION = 1;
				GENERATE_INFOPLIST_FILE = YES;
				MARKETING_VERSION = 1.0;
				PRODUCT_BUNDLE_IDENTIFIER = Do.SwiftBindingUITests;
				PRODUCT_NAME = "$(TARGET_NAME)";
				SWIFT_EMIT_LOC_STRINGS = NO;
				SWIFT_VERSION = 5.0;
				TARGETED_DEVICE_FAMILY = "1,2";
				TEST_TARGET_NAME = SwiftBinding;
			};
			name = Release;
		};
/* End XCBuildConfiguration section */

/* Begin XCConfigurationList section */
		1D469D082AEA2B5C0095E0A2 /* Build configuration list for PBXProject "SwiftBinding" */ = {
			isa = XCConfigurationList;
			buildConfigurations = (
				1D469D2F2AEA2B5D0095E0A2 /* Debug */,
				1D469D302AEA2B5D0095E0A2 /* Release */,
			);
			defaultConfigurationIsVisible = 0;
			defaultConfigurationName = Release;
		};
		1D469D312AEA2B5D0095E0A2 /* Build configuration list for PBXNativeTarget "SwiftBinding" */ = {
			isa = XCConfigurationList;
			buildConfigurations = (
				1D469D322AEA2B5D0095E0A2 /* Debug */,
				1D469D332AEA2B5D0095E0A2 /* Release */,
			);
			defaultConfigurationIsVisible = 0;
			defaultConfigurationName = Release;
		};
		1D469D342AEA2B5D0095E0A2 /* Build configuration list for PBXNativeTarget "SwiftBindingTests" */ = {
			isa = XCConfigurationList;
			buildConfigurations = (
				1D469D352AEA2B5D0095E0A2 /* Debug */,
				1D469D362AEA2B5D0095E0A2 /* Release */,
			);
			defaultConfigurationIsVisible = 0;
			defaultConfigurationName = Release;
		};
		1D469D372AEA2B5D0095E0A2 /* Build configuration list for PBXNativeTarget "SwiftBindingUITests" */ = {
			isa = XCConfigurationList;
			buildConfigurations = (
				1D469D382AEA2B5D0095E0A2 /* Debug */,
				1D469D392AEA2B5D0095E0A2 /* Release */,
			);
			defaultConfigurationIsVisible = 0;
			defaultConfigurationName = Release;
		};
/* End XCConfigurationList section */
	};
	rootObject = 1D469D052AEA2B5C0095E0A2 /* Project object */;
}
